# THIS IS AN AUTOGENERATED FILE. DO NOT EDIT THIS FILE DIRECTLY.
# yarn lockfile v1


bitmovin-javascript@0.0.11:
  version "0.0.11"
  resolved "https://registry.yarnpkg.com/bitmovin-javascript/-/bitmovin-javascript-0.0.11.tgz#61d9a00844d86ca10d613bee9298ea7baa9c12ca"

bluebird@^3.4.7:
  version "3.4.7"
  resolved "https://registry.yarnpkg.com/bluebird/-/bluebird-3.4.7.tgz#f72d760be09b7f76d08ed8fae98b289a8d05fab3"
